
Microsoft Visual Studio Solution File, Format Version 12.00
# Visual Studio Version 17
VisualStudioVersion = 17.7.34031.279
MinimumVisualStudioVersion = 10.0.40219.1
Project("{9A19103F-16F7-4668-BE54-9A1E7A4F7556}") = "PopularGameEngines", "PopularGameEngines.csproj", "{1D6ABCFD-95B2-4BF9-AA5B-4153ADC59EA8}"
EndProject
Project("{FAE04EC0-301F-11D3-BF4B-00C04F79EFBC}") = "GameEngineTests", "..\GameEngineTests\GameEngineTests.csproj", "{10E7A4D1-331B-4C8A-9377-B767C01B0DC5}"
EndProject
Global
	GlobalSection(SolutionConfigurationPlatforms) = preSolution
		Debug|Any CPU = Debug|Any CPU
		Release|Any CPU = Release|Any CPU
	EndGlobalSection
	GlobalSection(ProjectConfigurationPlatforms) = postSolution
		{1D6ABCFD-95B2-4BF9-AA5B-4153ADC59EA8}.Debug|Any CPU.ActiveCfg = Debug|Any CPU
		{1D6ABCFD-95B2-4BF9-AA5B-4153ADC59EA8}.Debug|Any CPU.Build.0 = Debug|Any CPU
		{1D6ABCFD-95B2-4BF9-AA5B-4153ADC59EA8}.Release|Any CPU.ActiveCfg = Release|Any CPU
		{1D6ABCFD-95B2-4BF9-AA5B-4153ADC59EA8}.Release|Any CPU.Build.0 = Release|Any CPU
		{10E7A4D1-331B-4C8A-9377-B767C01B0DC5}.Debug|Any CPU.ActiveCfg = Debug|Any CPU
		{10E7A4D1-331B-4C8A-9377-B767C01B0DC5}.Debug|Any CPU.Build.0 = Debug|Any CPU
		{10E7A4D1-331B-4C8A-9377-B767C01B0DC5}.Release|Any CPU.ActiveCfg = Release|Any CPU
		{10E7A4D1-331B-4C8A-9377-B767C01B0DC5}.Release|Any CPU.Build.0 = Release|Any CPU
	EndGlobalSection
	GlobalSection(SolutionProperties) = preSolution
		HideSolutionNode = FALSE
	EndGlobalSection
	GlobalSection(ExtensibilityGlobals) = postSolution
		SolutionGuid = {3142924A-E79B-4557-9360-79459016B539}
	EndGlobalSection
EndGlobal
